
Microsoft Visual Studio Solution File, Format Version 12.00
# Visual Studio Version 17
VisualStudioVersion = 17.9.34607.119
MinimumVisualStudioVersion = 10.0.40219.1
Project("{8BC9CEB8-8B4A-11D0-8D11-00A0C91BC942}") = "Pertemuan5Maret2024", "Pertemuan5Maret2024\Pertemuan5Maret2024.vcxproj", "{A15D1826-2047-446E-B7AF-288D2851B4D8}"
EndProject
Project("{8BC9CEB8-8B4A-11D0-8D11-00A0C91BC942}") = "Part2", "Part2\Part2.vcxproj", "{B8D08707-F9C6-413D-9C5D-7BBBDED4978D}"
EndProject
Project("{8BC9CEB8-8B4A-11D0-8D11-00A0C91BC942}") = "Part3", "Part3\Part3.vcxproj", "{F5E88174-1EBE-47C1-94B6-61EE85D0893D}"
EndProject
Project("{8BC9CEB8-8B4A-11D0-8D11-00A0C91BC942}") = "Part4", "Part4\Part4.vcxproj", "{AFDE83C0-C190-4F55-A147-3CCE7D813CE1}"
EndProject
Global
	GlobalSection(SolutionConfigurationPlatforms) = preSolution
		Debug|x64 = Debug|x64
		Debug|x86 = Debug|x86
		Release|x64 = Release|x64
		Release|x86 = Release|x86
	EndGlobalSection
	GlobalSection(ProjectConfigurationPlatforms) = postSolution
		{A15D1826-2047-446E-B7AF-288D2851B4D8}.Debug|x64.ActiveCfg = Debug|x64
		{A15D1826-2047-446E-B7AF-288D2851B4D8}.Debug|x64.Build.0 = Debug|x64
		{A15D1826-2047-446E-B7AF-288D2851B4D8}.Debug|x86.ActiveCfg = Debug|Win32
		{A15D1826-2047-446E-B7AF-288D2851B4D8}.Debug|x86.Build.0 = Debug|Win32
		{A15D1826-2047-446E-B7AF-288D2851B4D8}.Release|x64.ActiveCfg = Release|x64
		{A15D1826-2047-446E-B7AF-288D2851B4D8}.Release|x64.Build.0 = Release|x64
		{A15D1826-2047-446E-B7AF-288D2851B4D8}.Release|x86.ActiveCfg = Release|Win32
		{A15D1826-2047-446E-B7AF-288D2851B4D8}.Release|x86.Build.0 = Release|Win32
		{B8D08707-F9C6-413D-9C5D-7BBBDED4978D}.Debug|x64.ActiveCfg = Debug|x64
		{B8D08707-F9C6-413D-9C5D-7BBBDED4978D}.Debug|x64.Build.0 = Debug|x64
		{B8D08707-F9C6-413D-9C5D-7BBBDED4978D}.Debug|x86.ActiveCfg = Debug|Win32
		{B8D08707-F9C6-413D-9C5D-7BBBDED4978D}.Debug|x86.Build.0 = Debug|Win32
		{B8D08707-F9C6-413D-9C5D-7BBBDED4978D}.Release|x64.ActiveCfg = Release|x64
		{B8D08707-F9C6-413D-9C5D-7BBBDED4978D}.Release|x64.Build.0 = Release|x64
		{B8D08707-F9C6-413D-9C5D-7BBBDED4978D}.Release|x86.ActiveCfg = Release|Win32
		{B8D08707-F9C6-413D-9C5D-7BBBDED4978D}.Release|x86.Build.0 = Release|Win32
		{F5E88174-1EBE-47C1-94B6-61EE85D0893D}.Debug|x64.ActiveCfg = Debug|x64
		{F5E88174-1EBE-47C1-94B6-61EE85D0893D}.Debug|x64.Build.0 = Debug|x64
		{F5E88174-1EBE-47C1-94B6-61EE85D0893D}.Debug|x86.ActiveCfg = Debug|Win32
		{F5E88174-1EBE-47C1-94B6-61EE85D0893D}.Debug|x86.Build.0 = Debug|Win32
		{F5E88174-1EBE-47C1-94B6-61EE85D0893D}.Release|x64.ActiveCfg = Release|x64
		{F5E88174-1EBE-47C1-94B6-61EE85D0893D}.Release|x64.Build.0 = Release|x64
		{F5E88174-1EBE-47C1-94B6-61EE85D0893D}.Release|x86.ActiveCfg = Release|Win32
		{F5E88174-1EBE-47C1-94B6-61EE85D0893D}.Release|x86.Build.0 = Release|Win32
		{AFDE83C0-C190-4F55-A147-3CCE7D813CE1}.Debug|x64.ActiveCfg = Debug|x64
		{AFDE83C0-C190-4F55-A147-3CCE7D813CE1}.Debug|x64.Build.0 = Debug|x64
		{AFDE83C0-C190-4F55-A147-3CCE7D813CE1}.Debug|x86.ActiveCfg = Debug|Win32
		{AFDE83C0-C190-4F55-A147-3CCE7D813CE1}.Debug|x86.Build.0 = Debug|Win32
		{AFDE83C0-C190-4F55-A147-3CCE7D813CE1}.Release|x64.ActiveCfg = Release|x64
		{AFDE83C0-C190-4F55-A147-3CCE7D813CE1}.Release|x64.Build.0 = Release|x64
		{AFDE83C0-C190-4F55-A147-3CCE7D813CE1}.Release|x86.ActiveCfg = Release|Win32
		{AFDE83C0-C190-4F55-A147-3CCE7D813CE1}.Release|x86.Build.0 = Release|Win32
	EndGlobalSection
	GlobalSection(SolutionProperties) = preSolution
		HideSolutionNode = FALSE
	EndGlobalSection
	GlobalSection(ExtensibilityGlobals) = postSolution
		SolutionGuid = {82A59F5E-31CA-4FEB-8070-EBC8EE03563E}
	EndGlobalSection
EndGlobal
